
Microsoft Visual Studio Solution File, Format Version 12.00
# Visual Studio Version 17
VisualStudioVersion = 17.4.33213.308
MinimumVisualStudioVersion = 10.0.40219.1
Project("{FAE04EC0-301F-11D3-BF4B-00C04F79EFBC}") = "CO699-TaskTrackerApp", "CO699-TaskTrackerApp\CO699-TaskTrackerApp.csproj", "{B6380294-0444-4B89-9C38-BB7518ED7302}"
EndProject
Global
	GlobalSection(SolutionConfigurationPlatforms) = preSolution
		Debug|Any CPU = Debug|Any CPU
		Release|Any CPU = Release|Any CPU
	EndGlobalSection
	GlobalSection(ProjectConfigurationPlatforms) = postSolution
		{B6380294-0444-4B89-9C38-BB7518ED7302}.Debug|Any CPU.ActiveCfg = Debug|Any CPU
		{B6380294-0444-4B89-9C38-BB7518ED7302}.Debug|Any CPU.Build.0 = Debug|Any CPU
		{B6380294-0444-4B89-9C38-BB7518ED7302}.Release|Any CPU.ActiveCfg = Release|Any CPU
		{B6380294-0444-4B89-9C38-BB7518ED7302}.Release|Any CPU.Build.0 = Release|Any CPU
	EndGlobalSection
	GlobalSection(SolutionProperties) = preSolution
		HideSolutionNode = FALSE
	EndGlobalSection
	GlobalSection(ExtensibilityGlobals) = postSolution
		SolutionGuid = {E09BE999-791C-4F2F-AA7F-2968A8ADA761}
	EndGlobalSection
EndGlobal
